// !$*UTF8*$!
{
	archiveVersion = 1;
	classes = {
	};
	objectVersion = 46;
	objects = {

/* Begin PBXBuildFile section */
		09A55CD91A4084590022DF49 /* libsqlite3.dylib in Frameworks */ = {isa = PBXBuildFile; fileRef = 09A55CD81A4084590022DF49 /* libsqlite3.dylib */; };
		09D057391A40833500506F4B /* main.m in Sources */ = {isa = PBXBuildFile; fileRef = 09D057381A40833500506F4B /* main.m */; };
		09D0573C1A40833500506F4B /* AppDelegate.m in Sources */ = {isa = PBXBuildFile; fileRef = 09D0573B1A40833500506F4B /* AppDelegate.m */; };
		09D0573F1A40833500506F4B /* ViewController.m in Sources */ = {isa = PBXBuildFile; fileRef = 09D0573E1A40833500506F4B /* ViewController.m */; };
		09D057421A40833500506F4B /* Main.storyboard in Resources */ = {isa = PBXBuildFile; fileRef = 09D057401A40833500506F4B /* Main.storyboard */; };
		09D057441A40833500506F4B /* Images.xcassets in Resources */ = {isa = PBXBuildFile; fileRef = 09D057431A40833500506F4B /* Images.xcassets */; };
		09D057471A40833500506F4B /* LaunchScreen.xib in Resources */ = {isa = PBXBuildFile; fileRef = 09D057451A40833500506F4B /* LaunchScreen.xib */; };
		09D057531A40833600506F4B /* DriftBottlesTests.m in Sources */ = {isa = PBXBuildFile; fileRef = 09D057521A40833600506F4B /* DriftBottlesTests.m */; };
/* End PBXBuildFile section */

/* Begin PBXContainerItemProxy section */
		09D0574D1A40833500506F4B /* PBXContainerItemProxy */ = {
			isa = PBXContainerItemProxy;
			containerPortal = 09D0572B1A40833500506F4B /* Project object */;
			proxyType = 1;
			remoteGlobalIDString = 09D057321A40833500506F4B;
			remoteInfo = DriftBottles;
		};
/* End PBXContainerItemProxy section */

/* Begin PBXFileReference section */
		09A55CD81A4084590022DF49 /* libsqlite3.dylib */ = {isa = PBXFileReference; lastKnownFileType = "compiled.mach-o.dylib"; name = libsqlite3.dylib; path = usr/lib/libsqlite3.dylib; sourceTree = SDKROOT; };
		09D057331A40833500506F4B /* DriftBottles.app */ = {isa = PBXFileReference; explicitFileType = wrapper.application; includeInIndex = 0; path = DriftBottles.app; sourceTree = BUILT_PRODUCTS_DIR; };
		09D057371A40833500506F4B /* Info.plist */ = {isa = PBXFileReference; lastKnownFileType = text.plist.xml; path = Info.plist; sourceTree = "<group>"; };
		09D057381A40833500506F4B /* main.m */ = {isa = PBXFileReference; lastKnownFileType = sourcecode.c.objc; path = main.m; sourceTree = "<group>"; };
		09D0573A1A40833500506F4B /* AppDelegate.h */ = {isa = PBXFileReference; lastKnownFileType = sourcecode.c.h; path = AppDelegate.h; sourceTree = "<group>"; };
		09D0573B1A40833500506F4B /* AppDelegate.m */ = {isa = PBXFileReference; lastKnownFileType = sourcecode.c.objc; path = AppDelegate.m; sourceTree = "<group>"; };
		09D0573D1A40833500506F4B /* ViewController.h */ = {isa = PBXFileReference; lastKnownFileType = sourcecode.c.h; path = ViewController.h; sourceTree = "<group>"; };
		09D0573E1A40833500506F4B /* ViewController.m */ = {isa = PBXFileReference; lastKnownFileType = sourcecode.c.objc; path = ViewController.m; sourceTree = "<group>"; };
		09D057411A40833500506F4B /* Base */ = {isa = PBXFileReference; lastKnownFileType = file.storyboard; name = Base; path = Base.lproj/Main.storyboard; sourceTree = "<group>"; };
		09D057431A40833500506F4B /* Images.xcassets */ = {isa = PBXFileReference; lastKnownFileType = folder.assetcatalog; path = Images.xcassets; sourceTree = "<group>"; };
		09D057461A40833500506F4B /* Base */ = {isa = PBXFileReference; lastKnownFileType = file.xib; name = Base; path = Base.lproj/LaunchScreen.xib; sourceTree = "<group>"; };
		09D0574C1A40833500506F4B /* DriftBottlesTests.xctest */ = {isa = PBXFileReference; explicitFileType = wrapper.cfbundle; includeInIndex = 0; path = DriftBottlesTests.xctest; sourceTree = BUILT_PRODUCTS_DIR; };
		09D057511A40833600506F4B /* Info.plist */ = {isa = PBXFileReference; lastKnownFileType = text.plist.xml; path = Info.plist; sourceTree = "<group>"; };
		09D057521A40833600506F4B /* DriftBottlesTests.m */ = {isa = PBXFileReference; lastKnownFileType = sourcecode.c.objc; path = DriftBottlesTests.m; sourceTree = "<group>"; };
/* End PBXFileReference section */

/* Begin PBXFrameworksBuildPhase section */
		09D057301A40833500506F4B /* Frameworks */ = {
			isa = PBXFrameworksBuildPhase;
			buildActionMask = 2147483647;
			files = (
				09A55CD91A4084590022DF49 /* libsqlite3.dylib in Frameworks */,
			);
			runOnlyForDeploymentPostprocessing = 0;
		};
		09D057491A40833500506F4B /* Frameworks */ = {
			isa = PBXFrameworksBuildPhase;
			buildActionMask = 2147483647;
			files = (
			);
			runOnlyForDeploymentPostprocessing = 0;
		};
/* End PBXFrameworksBuildPhase section */

/* Begin PBXGroup section */
		09D0572A1A40833500506F4B = {
			isa = PBXGroup;
			children = (
				09A55CD81A4084590022DF49 /* libsqlite3.dylib */,
				09D057351A40833500506F4B /* DriftBottles */,
				09D0574F1A40833500506F4B /* DriftBottlesTests */,
				09D057341A40833500506F4B /* Products */,
			);
			sourceTree = "<group>";
		};
		09D057341A40833500506F4B /* Products */ = {
			isa = PBXGroup;
			children = (
				09D057331A40833500506F4B /* DriftBottles.app */,
				09D0574C1A40833500506F4B /* DriftBottlesTests.xctest */,
			);
			name = Products;
			sourceTree = "<group>";
		};
		09D057351A40833500506F4B /* DriftBottles */ = {
			isa = PBXGroup;
			children = (
				09D0573A1A40833500506F4B /* AppDelegate.h */,
				09D0573B1A40833500506F4B /* AppDelegate.m */,
				09D0573D1A40833500506F4B /* ViewController.h */,
				09D0573E1A40833500506F4B /* ViewController.m */,
				09D057401A40833500506F4B /* Main.storyboard */,
				09D057431A40833500506F4B /* Images.xcassets */,
				09D057451A40833500506F4B /* LaunchScreen.xib */,
				09D057361A40833500506F4B /* Supporting Files */,
			);
			path = DriftBottles;
			sourceTree = "<group>";
		};
		09D057361A40833500506F4B /* Supporting Files */ = {
			isa = PBXGroup;
			children = (
				09D057371A40833500506F4B /* Info.plist */,
				09D057381A40833500506F4B /* main.m */,
			);
			name = "Supporting Files";
			sourceTree = "<group>";
		};
		09D0574F1A40833500506F4B /* DriftBottlesTests */ = {
			isa = PBXGroup;
			children = (
				09D057521A40833600506F4B /* DriftBottlesTests.m */,
				09D057501A40833600506F4B /* Supporting Files */,
			);
			path = DriftBottlesTests;
			sourceTree = "<group>";
		};
		09D057501A40833600506F4B /* Supporting Files */ = {
			isa = PBXGroup;
			children = (
				09D057511A40833600506F4B /* Info.plist */,
			);
			name = "Supporting Files";
			sourceTree = "<group>";
		};
/* End PBXGroup section */

/* Begin PBXNativeTarget section */
		09D057321A40833500506F4B /* DriftBottles */ = {
			isa = PBXNativeTarget;
			buildConfigurationList = 09D057561A40833600506F4B /* Build configuration list for PBXNativeTarget "DriftBottles" */;
			buildPhases = (
				09D0572F1A40833500506F4B /* Sources */,
				09D057301A40833500506F4B /* Frameworks */,
				09D057311A40833500506F4B /* Resources */,
			);
			buildRules = (
			);
			dependencies = (
			);
			name = DriftBottles;
			productName = DriftBottles;
			productReference = 09D057331A40833500506F4B /* DriftBottles.app */;
			productType = "com.apple.product-type.application";
		};
		09D0574B1A40833500506F4B /* DriftBottlesTests */ = {
			isa = PBXNativeTarget;
			buildConfigurationList = 09D057591A40833600506F4B /* Build configuration list for PBXNativeTarget "DriftBottlesTests" */;
			buildPhases = (
				09D057481A40833500506F4B /* Sources */,
				09D057491A40833500506F4B /* Frameworks */,
				09D0574A1A40833500506F4B /* Resources */,
			);
			buildRules = (
			);
			dependencies = (
				09D0574E1A40833500506F4B /* PBXTargetDependency */,
			);
			name = DriftBottlesTests;
			productName = DriftBottlesTests;
			productReference = 09D0574C1A40833500506F4B /* DriftBottlesTests.xctest */;
			productType = "com.apple.product-type.bundle.unit-test";
		};
/* End PBXNativeTarget section */

/* Begin PBXProject section */
		09D0572B1A40833500506F4B /* Project object */ = {
			isa = PBXProject;
			attributes = {
				LastUpgradeCheck = 0600;
				ORGANIZATIONNAME = ustcsse;
				TargetAttributes = {
					09D057321A40833500506F4B = {
						CreatedOnToolsVersion = 6.0.1;
					};
					09D0574B1A40833500506F4B = {
						CreatedOnToolsVersion = 6.0.1;
						TestTargetID = 09D057321A40833500506F4B;
					};
				};
			};
			buildConfigurationList = 09D0572E1A40833500506F4B /* Build configuration list for PBXProject "DriftBottles" */;
			compatibilityVersion = "Xcode 3.2";
			developmentRegion = English;
			hasScannedForEncodings = 0;
			knownRegions = (
				en,
				Base,
			);
			mainGroup = 09D0572A1A40833500506F4B;
			productRefGroup = 09D057341A40833500506F4B /* Products */;
			projectDirPath = "";
			projectRoot = "";
			targets = (
				09D057321A40833500506F4B /* DriftBottles */,
				09D0574B1A40833500506F4B /* DriftBottlesTests */,
			);
		};
/* End PBXProject section */

/* Begin PBXResourcesBuildPhase section */
		09D057311A40833500506F4B /* Resources */ = {
			isa = PBXResourcesBuildPhase;
			buildActionMask = 2147483647;
			files = (
				09D057421A40833500506F4B /* Main.storyboard in Resources */,
				09D057471A40833500506F4B /* LaunchScreen.xib in Resources */,
				09D057441A40833500506F4B /* Images.xcassets in Resources */,
			);
			runOnlyForDeploymentPostprocessing = 0;
		};
		09D0574A1A40833500506F4B /* Resources */ = {
			isa = PBXResourcesBuildPhase;
			buildActionMask = 2147483647;
			files = (
			);
			runOnlyForDeploymentPostprocessing = 0;
		};
/* End PBXResourcesBuildPhase section */

/* Begin PBXSourcesBuildPhase section */
		09D0572F1A40833500506F4B /* Sources */ = {
			isa = PBXSourcesBuildPhase;
			buildActionMask = 2147483647;
			files = (
				09D0573F1A40833500506F4B /* ViewController.m in Sources */,
				09D0573C1A40833500506F4B /* AppDelegate.m in Sources */,
				09D057391A40833500506F4B /* main.m in Sources */,
			);
			runOnlyForDeploymentPostprocessing = 0;
		};
		09D057481A40833500506F4B /* Sources */ = {
			isa = PBXSourcesBuildPhase;
			buildActionMask = 2147483647;
			files = (
				09D057531A40833600506F4B /* DriftBottlesTests.m in Sources */,
			);
			runOnlyForDeploymentPostprocessing = 0;
		};
/* End PBXSourcesBuildPhase section */

/* Begin PBXTargetDependency section */
		09D0574E1A40833500506F4B /* PBXTargetDependency */ = {
			isa = PBXTargetDependency;
			target = 09D057321A40833500506F4B /* DriftBottles */;
			targetProxy = 09D0574D1A40833500506F4B /* PBXContainerItemProxy */;
		};
/* End PBXTargetDependency section */

/* Begin PBXVariantGroup section */
		09D057401A40833500506F4B /* Main.storyboard */ = {
			isa = PBXVariantGroup;
			children = (
				09D057411A40833500506F4B /* Base */,
			);
			name = Main.storyboard;
			sourceTree = "<group>";
		};
		09D057451A40833500506F4B /* LaunchScreen.xib */ = {
			isa = PBXVariantGroup;
			children = (
				09D057461A40833500506F4B /* Base */,
			);
			name = LaunchScreen.xib;
			sourceTree = "<group>";
		};
/* End PBXVariantGroup section */

/* Begin XCBuildConfiguration section */
		09D057541A40833600506F4B /* Debug */ = {
			isa = XCBuildConfiguration;
			buildSettings = {
				ALWAYS_SEARCH_USER_PATHS = NO;
				CLANG_CXX_LANGUAGE_STANDARD = "gnu++0x";
				CLANG_CXX_LIBRARY = "libc++";
				CLANG_ENABLE_MODULES = YES;
				CLANG_ENABLE_OBJC_ARC = YES;
				CLANG_WARN_BOOL_CONVERSION = YES;
				CLANG_WARN_CONSTANT_CONVERSION = YES;
				CLANG_WARN_DIRECT_OBJC_ISA_USAGE = YES_ERROR;
				CLANG_WARN_EMPTY_BODY = YES;
				CLANG_WARN_ENUM_CONVERSION = YES;
				CLANG_WARN_INT_CONVERSION = YES;
				CLANG_WARN_OBJC_ROOT_CLASS = YES_ERROR;
				CLANG_WARN_UNREACHABLE_CODE = YES;
				CLANG_WARN__DUPLICATE_METHOD_MATCH = YES;
				"CODE_SIGN_IDENTITY[sdk=iphoneos*]" = "iPhone Developer";
				COPY_PHASE_STRIP = NO;
				ENABLE_STRICT_OBJC_MSGSEND = YES;
				GCC_C_LANGUAGE_STANDARD = gnu99;
				GCC_DYNAMIC_NO_PIC = NO;
				GCC_OPTIMIZATION_LEVEL = 0;
				GCC_PREPROCESSOR_DEFINITIONS = (
					"DEBUG=1",
					"$(inherited)",
				);
				GCC_SYMBOLS_PRIVATE_EXTERN = NO;
				GCC_WARN_64_TO_32_BIT_CONVERSION = YES;
				GCC_WARN_ABOUT_RETURN_TYPE = YES_ERROR;
				GCC_WARN_UNDECLARED_SELECTOR = YES;
				GCC_WARN_UNINITIALIZED_AUTOS = YES_AGGRESSIVE;
				GCC_WARN_UNUSED_FUNCTION = YES;
				GCC_WARN_UNUSED_VARIABLE = YES;
				IPHONEOS_DEPLOYMENT_TARGET = 8.0;
				MTL_ENABLE_DEBUG_INFO = YES;
				ONLY_ACTIVE_ARCH = YES;
				SDKROOT = iphoneos;
			};
			name = Debug;
		};
		09D057551A40833600506F4B /* Release */ = {
			isa = XCBuildConfiguration;
			buildSettings = {
				ALWAYS_SEARCH_USER_PATHS = NO;
				CLANG_CXX_LANGUAGE_STANDARD = "gnu++0x";
				CLANG_CXX_LIBRARY = "libc++";
				CLANG_ENABLE_MODULES = YES;
				CLANG_ENABLE_OBJC_ARC = YES;
				CLANG_WARN_BOOL_CONVERSION = YES;
				CLANG_WARN_CONSTANT_CONVERSION = YES;
				CLANG_WARN_DIRECT_OBJC_ISA_USAGE = YES_ERROR;
				CLANG_WARN_EMPTY_BODY = YES;
				CLANG_WARN_ENUM_CONVERSION = YES;
				CLANG_WARN_INT_CONVERSION = YES;
				CLANG_WARN_OBJC_ROOT_CLASS = YES_ERROR;
				CLANG_WARN_UNREACHABLE_CODE = YES;
				CLANG_WARN__DUPLICATE_METHOD_MATCH = YES;
				"CODE_SIGN_IDENTITY[sdk=iphoneos*]" = "iPhone Developer";
				COPY_PHASE_STRIP = YES;
				ENABLE_NS_ASSERTIONS = NO;
				ENABLE_STRICT_OBJC_MSGSEND = YES;
				GCC_C_LANGUAGE_STANDARD = gnu99;
				GCC_WARN_64_TO_32_BIT_CONVERSION = YES;
				GCC_WARN_ABOUT_RETURN_TYPE = YES_ERROR;
				GCC_WARN_UNDECLARED_SELECTOR = YES;
				GCC_WARN_UNINITIALIZED_AUTOS = YES_AGGRESSIVE;
				GCC_WARN_UNUSED_FUNCTION = YES;
				GCC_WARN_UNUSED_VARIABLE = YES;
				IPHONEOS_DEPLOYMENT_TARGET = 8.0;
				MTL_ENABLE_DEBUG_INFO = NO;
				SDKROOT = iphoneos;
				VALIDATE_PRODUCT = YES;
			};
			name = Release;
		};
		09D057571A40833600506F4B /* Debug */ = {
			isa = XCBuildConfiguration;
			buildSettings = {
				ASSETCATALOG_COMPILER_APPICON_NAME = AppIcon;
				INFOPLIST_FILE = DriftBottles/Info.plist;
				LD_RUNPATH_SEARCH_PATHS = "$(inherited) @executable_path/Frameworks";
				PRODUCT_NAME = "$(TARGET_NAME)";
			};
			name = Debug;
		};
		09D057581A40833600506F4B /* Release */ = {
			isa = XCBuildConfiguration;
			buildSettings = {
				ASSETCATALOG_COMPILER_APPICON_NAME = AppIcon;
				INFOPLIST_FILE = DriftBottles/Info.plist;
				LD_RUNPATH_SEARCH_PATHS = "$(inherited) @executable_path/Frameworks";
				PRODUCT_NAME = "$(TARGET_NAME)";
			};
			name = Release;
		};
		09D0575A1A40833600506F4B /* Debug */ = {
			isa = XCBuildConfiguration;
			buildSettings = {
				BUNDLE_LOADER = "$(TEST_HOST)";
				FRAMEWORK_SEARCH_PATHS = (
					"$(SDKROOT)/Developer/Library/Frameworks",
					"$(inherited)",
				);
				GCC_PREPROCESSOR_DEFINITIONS = (
					"DEBUG=1",
					"$(inherited)",
				);
				INFOPLIST_FILE = DriftBottlesTests/Info.plist;
				LD_RUNPATH_SEARCH_PATHS = "$(inherited) @executable_path/Frameworks @loader_path/Frameworks";
				PRODUCT_NAME = "$(TARGET_NAME)";
				TEST_HOST = "$(BUILT_PRODUCTS_DIR)/DriftBottles.app/DriftBottles";
			};
			name = Debug;
		};
		09D0575B1A40833600506F4B /* Release */ = {
			isa = XCBuildConfiguration;
			buildSettings = {
				BUNDLE_LOADER = "$(TEST_HOST)";
				FRAMEWORK_SEARCH_PATHS = (
					"$(SDKROOT)/Developer/Library/Frameworks",
					"$(inherited)",
				);
				INFOPLIST_FILE = DriftBottlesTests/Info.plist;
				LD_RUNPATH_SEARCH_PATHS = "$(inherited) @executable_path/Frameworks @loader_path/Frameworks";
				PRODUCT_NAME = "$(TARGET_NAME)";
				TEST_HOST = "$(BUILT_PRODUCTS_DIR)/DriftBottles.app/DriftBottles";
			};
			name = Release;
		};
/* End XCBuildConfiguration section */

/* Begin XCConfigurationList section */
		09D0572E1A40833500506F4B /* Build configuration list for PBXProject "DriftBottles" */ = {
			isa = XCConfigurationList;
			buildConfigurations = (
				09D057541A40833600506F4B /* Debug */,
				09D057551A40833600506F4B /* Release */,
			);
			defaultConfigurationIsVisible = 0;
			defaultConfigurationName = Release;
		};
		09D057561A40833600506F4B /* Build configuration list for PBXNativeTarget "DriftBottles" */ = {
			isa = XCConfigurationList;
			buildConfigurations = (
				09D057571A40833600506F4B /* Debug */,
				09D057581A40833600506F4B /* Release */,
			);
			defaultConfigurationIsVisible = 0;
			defaultConfigurationName = Release;
		};
		09D057591A40833600506F4B /* Build configuration list for PBXNativeTarget "DriftBottlesTests" */ = {
			isa = XCConfigurationList;
			buildConfigurations = (
				09D0575A1A40833600506F4B /* Debug */,
				09D0575B1A40833600506F4B /* Release */,
			);
			defaultConfigurationIsVisible = 0;
			defaultConfigurationName = Release;
		};
/* End XCConfigurationList section */
	};
	rootObject = 09D0572B1A40833500506F4B /* Project object */;
}
